{
  "name": "vue3-reactivity",
  "lockfileVersion": 2,
  "requires": true,
  "packages": {
    "": {
      "dependencies": {
        "@vue/reactivity": "^3.2.26"
      }
    },
    "node_modules/@vue/reactivity": {
      "version": "3.2.26",
      "resolved": "https://registry.npmjs.org/@vue/reactivity/-/reactivity-3.2.26.tgz",
      "integrity": "sha512-h38bxCZLW6oFJVDlCcAiUKFnXI8xP8d+eO0pcDxx+7dQfSPje2AO6M9S9QO6MrxQB7fGP0DH0dYQ8ksf6hrXKQ==",
      "dependencies": {
        "@vue/shared": "3.2.26"
      }
    },
    "node_modules/@vue/shared": {
      "version": "3.2.26",
      "resolved": "https://registry.npmjs.org/@vue/shared/-/shared-3.2.26.tgz",
      "integrity": "sha512-vPV6Cq+NIWbH5pZu+V+2QHE9y1qfuTq49uNWw4f7FDEeZaDU2H2cx5jcUZOAKW7qTrUS4k6qZPbMy1x4N96nbA=="
    }
  },
  "dependencies": {
    "@vue/reactivity": {
      "version": "3.2.26",
      "resolved": "https://registry.npmjs.org/@vue/reactivity/-/reactivity-3.2.26.tgz",
      "integrity": "sha512-h38bxCZLW6oFJVDlCcAiUKFnXI8xP8d+eO0pcDxx+7dQfSPje2AO6M9S9QO6MrxQB7fGP0DH0dYQ8ksf6hrXKQ==",
      "requires": {
        "@vue/shared": "3.2.26"
      }
    },
    "@vue/shared": {
      "version": "3.2.26",
      "resolved": "https://registry.npmjs.org/@vue/shared/-/shared-3.2.26.tgz",
      "integrity": "sha512-vPV6Cq+NIWbH5pZu+V+2QHE9y1qfuTq49uNWw4f7FDEeZaDU2H2cx5jcUZOAKW7qTrUS4k6qZPbMy1x4N96nbA=="
    }
  }
}
